github.com/CREDOProject/go-anticonf-parser v0.0.2 h1:XazKnAcrJqDvMWZ2pt+i4X4G//GKTcjITLqp9FPC4NQ=
github.com/CREDOProject/go-anticonf-parser v0.0.2/go.mod h1:LAa2IRV/7NE7Nejpe2QF4UknDMcwDvti1EDkDmgUH9E=
github.com/CREDOProject/sharedutils v0.1.0 h1:zG0sIjJbR1e3MYS3D7W7hO/kI/hs0193zLiwP1J7ePk=
github.com/CREDOProject/sharedutils v0.1.0/go.mod h1:lOd6evmYnKPa+Q191hZMAFXttCWbhDmMAj33n3sCvAE=
